<?xml version="1.0" encoding="utf-8"?>
<Project ToolsVersion="4.0" xmlns="http://schemas.microsoft.com/developer/msbuild/2003">
  <ItemGroup>
    <Filter Include="Source Code">
      <UniqueIdentifier>{4FC737F1-C7A5-4376-A066-2A32D752A2FF}</UniqueIdentifier>
      <Extensions>cpp;c;cc;cxx;c++;cppm;ixx;def;odl;idl;hpj;bat;asm;asmx</Extensions>
    </Filter>
    <Filter Include="Source Code\Logger">
      <UniqueIdentifier>{d8551e18-6658-4308-b1c4-aa18c53be37a}</UniqueIdentifier>
    </Filter>
    <Filter Include="ProtonSDK">
      <UniqueIdentifier>{927f1774-f15b-4ae5-a479-5befc300e2e8}</UniqueIdentifier>
    </Filter>
    <Filter Include="Vendor">
      <UniqueIdentifier>{452b9f51-5804-4774-80d3-50b13ec42252}</UniqueIdentifier>
    </Filter>
    <Filter Include="Source Code\Utils">
      <UniqueIdentifier>{248a57a7-9bf7-456b-9aea-5b9832767f9e}</UniqueIdentifier>
    </Filter>
  </ItemGroup>
  <ItemGroup>
    <ClCompile Include="Main.cpp">
      <Filter>Source Code</Filter>
    </ClCompile>
    <ClCompile Include="ProtonSDK\MiscUtils.cpp">
      <Filter>Source Code</Filter>
    </ClCompile>
    <ClCompile Include="ProtonSDK\TextScanner.cpp">
      <Filter>Source Code</Filter>
    </ClCompile>
    <ClCompile Include="ProtonSDK\FileSystem\FileManager.cpp">
      <Filter>Source Code</Filter>
    </ClCompile>
    <ClCompile Include="ProtonSDK\FileSystem\FileSystem.cpp">
      <Filter>Source Code</Filter>
    </ClCompile>
    <ClCompile Include="ProtonSDK\FileSystem\StreamingInstance.cpp">
      <Filter>Source Code</Filter>
    </ClCompile>
    <ClCompile Include="ProtonSDK\FileSystem\StreamingInstanceFile.cpp">
      <Filter>Source Code</Filter>
    </ClCompile>
  </ItemGroup>
  <ItemGroup>
    <ClInclude Include="ProtonSDK\MiscUtils.h" />
    <ClInclude Include="ProtonSDK\RTTEX.h" />
    <ClInclude Include="ProtonSDK\TextScanner.h" />
    <ClInclude Include="ProtonSDK\FileSystem\FileManager.h" />
    <ClInclude Include="ProtonSDK\FileSystem\FileSystem.h" />
    <ClInclude Include="ProtonSDK\FileSystem\StreamingInstance.h" />
    <ClInclude Include="ProtonSDK\FileSystem\StreamingInstanceFile.h" />
  </ItemGroup>
</Project>